
Microsoft Visual Studio Solution File, Format Version 11.00
# Visual C++ Express 2010
Project("{8BC9CEB8-8B4A-11D0-8D11-00A0C91BC942}") = "filetransfer", "filetransfer\filetransfer.vcxproj", "{437A0F26-CEF8-42C0-B10B-00DA74DD1577}"
EndProject
Global
	GlobalSection(SolutionConfigurationPlatforms) = preSolution
		Debug|Win32 = Debug|Win32
		Release|Win32 = Release|Win32
	EndGlobalSection
	GlobalSection(ProjectConfigurationPlatforms) = postSolution
		{437A0F26-CEF8-42C0-B10B-00DA74DD1577}.Debug|Win32.ActiveCfg = Debug|Win32
		{437A0F26-CEF8-42C0-B10B-00DA74DD1577}.Debug|Win32.Build.0 = Debug|Win32
		{437A0F26-CEF8-42C0-B10B-00DA74DD1577}.Release|Win32.ActiveCfg = Release|Win32
		{437A0F26-CEF8-42C0-B10B-00DA74DD1577}.Release|Win32.Build.0 = Release|Win32
	EndGlobalSection
	GlobalSection(SolutionProperties) = preSolution
		HideSolutionNode = FALSE
	EndGlobalSection
EndGlobal
